
Microsoft Visual Studio Solution File, Format Version 12.00
# Visual Studio 2012
Project("{FAE04EC0-301F-11D3-BF4B-00C04F79EFBC}") = "met2lua", "met2lua\met2lua.csproj", "{7AB95A0E-ACFC-49E6-B681-275F62EC4A5F}"
EndProject
Global
	GlobalSection(SolutionConfigurationPlatforms) = preSolution
		Debug|Any CPU = Debug|Any CPU
		Release|Any CPU = Release|Any CPU
	EndGlobalSection
	GlobalSection(ProjectConfigurationPlatforms) = postSolution
		{7AB95A0E-ACFC-49E6-B681-275F62EC4A5F}.Debug|Any CPU.ActiveCfg = Debug|Any CPU
		{7AB95A0E-ACFC-49E6-B681-275F62EC4A5F}.Debug|Any CPU.Build.0 = Debug|Any CPU
		{7AB95A0E-ACFC-49E6-B681-275F62EC4A5F}.Release|Any CPU.ActiveCfg = Release|Any CPU
		{7AB95A0E-ACFC-49E6-B681-275F62EC4A5F}.Release|Any CPU.Build.0 = Release|Any CPU
	EndGlobalSection
	GlobalSection(SolutionProperties) = preSolution
		HideSolutionNode = FALSE
	EndGlobalSection
EndGlobal
